
Microsoft Visual Studio Solution File, Format Version 12.00
# Visual Studio Version 17
VisualStudioVersion = 17.6.33712.159
MinimumVisualStudioVersion = 10.0.40219.1
Project("{9A19103F-16F7-4668-BE54-9A1E7A4F7556}") = "Mate.Speak.Models", "Mate.Speak.Models\Mate.Speak.Models.csproj", "{1FD9D2EA-0BCF-4760-8E66-378E49C94B80}"
EndProject
Project("{9A19103F-16F7-4668-BE54-9A1E7A4F7556}") = "Mate.Speak.DAL", "Mate.Speak.DAL\Mate.Speak.DAL.csproj", "{441D1139-2B85-4B07-A48B-3302381E4269}"
EndProject
Project("{9A19103F-16F7-4668-BE54-9A1E7A4F7556}") = "Mate.Speak.BLL", "Mate.Speak.BLL\Mate.Speak.BLL.csproj", "{9C43A001-5F92-4395-AE98-810D514914DE}"
EndProject
Project("{9A19103F-16F7-4668-BE54-9A1E7A4F7556}") = "Mate.Speak.API", "Mate.Speak.API\Mate.Speak.API.csproj", "{344DAFC2-06A0-4802-A402-C986B0E9FC6A}"
EndProject
Global
	GlobalSection(SolutionConfigurationPlatforms) = preSolution
		Debug|Any CPU = Debug|Any CPU
		Release|Any CPU = Release|Any CPU
	EndGlobalSection
	GlobalSection(ProjectConfigurationPlatforms) = postSolution
		{1FD9D2EA-0BCF-4760-8E66-378E49C94B80}.Debug|Any CPU.ActiveCfg = Debug|Any CPU
		{1FD9D2EA-0BCF-4760-8E66-378E49C94B80}.Debug|Any CPU.Build.0 = Debug|Any CPU
		{1FD9D2EA-0BCF-4760-8E66-378E49C94B80}.Release|Any CPU.ActiveCfg = Release|Any CPU
		{1FD9D2EA-0BCF-4760-8E66-378E49C94B80}.Release|Any CPU.Build.0 = Release|Any CPU
		{441D1139-2B85-4B07-A48B-3302381E4269}.Debug|Any CPU.ActiveCfg = Debug|Any CPU
		{441D1139-2B85-4B07-A48B-3302381E4269}.Debug|Any CPU.Build.0 = Debug|Any CPU
		{441D1139-2B85-4B07-A48B-3302381E4269}.Release|Any CPU.ActiveCfg = Release|Any CPU
		{441D1139-2B85-4B07-A48B-3302381E4269}.Release|Any CPU.Build.0 = Release|Any CPU
		{9C43A001-5F92-4395-AE98-810D514914DE}.Debug|Any CPU.ActiveCfg = Debug|Any CPU
		{9C43A001-5F92-4395-AE98-810D514914DE}.Debug|Any CPU.Build.0 = Debug|Any CPU
		{9C43A001-5F92-4395-AE98-810D514914DE}.Release|Any CPU.ActiveCfg = Release|Any CPU
		{9C43A001-5F92-4395-AE98-810D514914DE}.Release|Any CPU.Build.0 = Release|Any CPU
		{344DAFC2-06A0-4802-A402-C986B0E9FC6A}.Debug|Any CPU.ActiveCfg = Debug|Any CPU
		{344DAFC2-06A0-4802-A402-C986B0E9FC6A}.Debug|Any CPU.Build.0 = Debug|Any CPU
		{344DAFC2-06A0-4802-A402-C986B0E9FC6A}.Release|Any CPU.ActiveCfg = Release|Any CPU
		{344DAFC2-06A0-4802-A402-C986B0E9FC6A}.Release|Any CPU.Build.0 = Release|Any CPU
	EndGlobalSection
	GlobalSection(SolutionProperties) = preSolution
		HideSolutionNode = FALSE
	EndGlobalSection
	GlobalSection(ExtensibilityGlobals) = postSolution
		SolutionGuid = {8B47AAEA-2B96-4046-BA04-FC626ED4F7DA}
	EndGlobalSection
EndGlobal
